
Microsoft Visual Studio Solution File, Format Version 12.00
# Visual Studio 15
VisualStudioVersion = 15.0.26730.16
MinimumVisualStudioVersion = 10.0.40219.1
Project("{FAE04EC0-301F-11D3-BF4B-00C04F79EFBC}") = "BroodAutomaat", "BroodAutomaat\BroodAutomaat.csproj", "{F682ECC3-3B81-445F-A71B-22064F2C6D20}"
EndProject
Global
	GlobalSection(SolutionConfigurationPlatforms) = preSolution
		Debug|Any CPU = Debug|Any CPU
		Release|Any CPU = Release|Any CPU
	EndGlobalSection
	GlobalSection(ProjectConfigurationPlatforms) = postSolution
		{F682ECC3-3B81-445F-A71B-22064F2C6D20}.Debug|Any CPU.ActiveCfg = Debug|Any CPU
		{F682ECC3-3B81-445F-A71B-22064F2C6D20}.Debug|Any CPU.Build.0 = Debug|Any CPU
		{F682ECC3-3B81-445F-A71B-22064F2C6D20}.Debug|Any CPU.Deploy.0 = Debug|Any CPU
		{F682ECC3-3B81-445F-A71B-22064F2C6D20}.Release|Any CPU.ActiveCfg = Release|Any CPU
		{F682ECC3-3B81-445F-A71B-22064F2C6D20}.Release|Any CPU.Build.0 = Release|Any CPU
		{F682ECC3-3B81-445F-A71B-22064F2C6D20}.Release|Any CPU.Deploy.0 = Release|Any CPU
	EndGlobalSection
	GlobalSection(SolutionProperties) = preSolution
		HideSolutionNode = FALSE
	EndGlobalSection
	GlobalSection(ExtensibilityGlobals) = postSolution
		SolutionGuid = {46F253B9-BFB5-46E7-AD61-EF90FF2D8FD6}
	EndGlobalSection
EndGlobal
